// !$*UTF8*$!
{
	archiveVersion = 1;
	classes = {
	};
	objectVersion = 50;
	objects = {

/* Begin PBXBuildFile section */
		9BC0728E223B2E0600E6D2D6 /* AppDelegate.swift in Sources */ = {isa = PBXBuildFile; fileRef = 9BC0728D223B2E0600E6D2D6 /* AppDelegate.swift */; };
		9BC07290223B2E0600E6D2D6 /* ViewController.swift in Sources */ = {isa = PBXBuildFile; fileRef = 9BC0728F223B2E0600E6D2D6 /* ViewController.swift */; };
		9BC07293223B2E0600E6D2D6 /* Main.storyboard in Resources */ = {isa = PBXBuildFile; fileRef = 9BC07291223B2E0600E6D2D6 /* Main.storyboard */; };
		9BC07295223B2E0900E6D2D6 /* Assets.xcassets in Resources */ = {isa = PBXBuildFile; fileRef = 9BC07294223B2E0900E6D2D6 /* Assets.xcassets */; };
		9BC07298223B2E0900E6D2D6 /* LaunchScreen.storyboard in Resources */ = {isa = PBXBuildFile; fileRef = 9BC07296223B2E0900E6D2D6 /* LaunchScreen.storyboard */; };
		9BC072A3223B2E0900E6D2D6 /* MapTests.swift in Sources */ = {isa = PBXBuildFile; fileRef = 9BC072A2223B2E0900E6D2D6 /* MapTests.swift */; };
		9BC072AE223B2E0900E6D2D6 /* MapUITests.swift in Sources */ = {isa = PBXBuildFile; fileRef = 9BC072AD223B2E0900E6D2D6 /* MapUITests.swift */; };
/* End PBXBuildFile section */

/* Begin PBXContainerItemProxy section */
		9BC0729F223B2E0900E6D2D6 /* PBXContainerItemProxy */ = {
			isa = PBXContainerItemProxy;
			containerPortal = 9BC07282223B2E0600E6D2D6 /* Project object */;
			proxyType = 1;
			remoteGlobalIDString = 9BC07289223B2E0600E6D2D6;
			remoteInfo = Map;
		};
		9BC072AA223B2E0900E6D2D6 /* PBXContainerItemProxy */ = {
			isa = PBXContainerItemProxy;
			containerPortal = 9BC07282223B2E0600E6D2D6 /* Project object */;
			proxyType = 1;
			remoteGlobalIDString = 9BC07289223B2E0600E6D2D6;
			remoteInfo = Map;
		};
/* End PBXContainerItemProxy section */

/* Begin PBXFileReference section */
		9BC0728A223B2E0600E6D2D6 /* Map.app */ = {isa = PBXFileReference; explicitFileType = wrapper.application; includeInIndex = 0; path = Map.app; sourceTree = BUILT_PRODUCTS_DIR; };
		9BC0728D223B2E0600E6D2D6 /* AppDelegate.swift */ = {isa = PBXFileReference; lastKnownFileType = sourcecode.swift; path = AppDelegate.swift; sourceTree = "<group>"; };
		9BC0728F223B2E0600E6D2D6 /* ViewController.swift */ = {isa = PBXFileReference; lastKnownFileType = sourcecode.swift; path = ViewController.swift; sourceTree = "<group>"; };
		9BC07292223B2E0600E6D2D6 /* Base */ = {isa = PBXFileReference; lastKnownFileType = file.storyboard; name = Base; path = Base.lproj/Main.storyboard; sourceTree = "<group>"; };
		9BC07294223B2E0900E6D2D6 /* Assets.xcassets */ = {isa = PBXFileReference; lastKnownFileType = folder.assetcatalog; path = Assets.xcassets; sourceTree = "<group>"; };
		9BC07297223B2E0900E6D2D6 /* Base */ = {isa = PBXFileReference; lastKnownFileType = file.storyboard; name = Base; path = Base.lproj/LaunchScreen.storyboard; sourceTree = "<group>"; };
		9BC07299223B2E0900E6D2D6 /* Info.plist */ = {isa = PBXFileReference; lastKnownFileType = text.plist.xml; path = Info.plist; sourceTree = "<group>"; };
		9BC0729E223B2E0900E6D2D6 /* MapTests.xctest */ = {isa = PBXFileReference; explicitFileType = wrapper.cfbundle; includeInIndex = 0; path = MapTests.xctest; sourceTree = BUILT_PRODUCTS_DIR; };
		9BC072A2223B2E0900E6D2D6 /* MapTests.swift */ = {isa = PBXFileReference; lastKnownFileType = sourcecode.swift; path = MapTests.swift; sourceTree = "<group>"; };
		9BC072A4223B2E0900E6D2D6 /* Info.plist */ = {isa = PBXFileReference; lastKnownFileType = text.plist.xml; path = Info.plist; sourceTree = "<group>"; };
		9BC072A9223B2E0900E6D2D6 /* MapUITests.xctest */ = {isa = PBXFileReference; explicitFileType = wrapper.cfbundle; includeInIndex = 0; path = MapUITests.xctest; sourceTree = BUILT_PRODUCTS_DIR; };
		9BC072AD223B2E0900E6D2D6 /* MapUITests.swift */ = {isa = PBXFileReference; lastKnownFileType = sourcecode.swift; path = MapUITests.swift; sourceTree = "<group>"; };
		9BC072AF223B2E0900E6D2D6 /* Info.plist */ = {isa = PBXFileReference; lastKnownFileType = text.plist.xml; path = Info.plist; sourceTree = "<group>"; };
/* End PBXFileReference section */

/* Begin PBXFrameworksBuildPhase section */
		9BC07287223B2E0600E6D2D6 /* Frameworks */ = {
			isa = PBXFrameworksBuildPhase;
			buildActionMask = 2147483647;
			files = (
			);
			runOnlyForDeploymentPostprocessing = 0;
		};
		9BC0729B223B2E0900E6D2D6 /* Frameworks */ = {
			isa = PBXFrameworksBuildPhase;
			buildActionMask = 2147483647;
			files = (
			);
			runOnlyForDeploymentPostprocessing = 0;
		};
		9BC072A6223B2E0900E6D2D6 /* Frameworks */ = {
			isa = PBXFrameworksBuildPhase;
			buildActionMask = 2147483647;
			files = (
			);
			runOnlyForDeploymentPostprocessing = 0;
		};
/* End PBXFrameworksBuildPhase section */

/* Begin PBXGroup section */
		9BC07281223B2E0600E6D2D6 = {
			isa = PBXGroup;
			children = (
				9BC0728C223B2E0600E6D2D6 /* Map */,
				9BC072A1223B2E0900E6D2D6 /* MapTests */,
				9BC072AC223B2E0900E6D2D6 /* MapUITests */,
				9BC0728B223B2E0600E6D2D6 /* Products */,
			);
			sourceTree = "<group>";
		};
		9BC0728B223B2E0600E6D2D6 /* Products */ = {
			isa = PBXGroup;
			children = (
				9BC0728A223B2E0600E6D2D6 /* Map.app */,
				9BC0729E223B2E0900E6D2D6 /* MapTests.xctest */,
				9BC072A9223B2E0900E6D2D6 /* MapUITests.xctest */,
			);
			name = Products;
			sourceTree = "<group>";
		};
		9BC0728C223B2E0600E6D2D6 /* Map */ = {
			isa = PBXGroup;
			children = (
				9BC0728D223B2E0600E6D2D6 /* AppDelegate.swift */,
				9BC0728F223B2E0600E6D2D6 /* ViewController.swift */,
				9BC07291223B2E0600E6D2D6 /* Main.storyboard */,
				9BC07294223B2E0900E6D2D6 /* Assets.xcassets */,
				9BC07296223B2E0900E6D2D6 /* LaunchScreen.storyboard */,
				9BC07299223B2E0900E6D2D6 /* Info.plist */,
			);
			path = Map;
			sourceTree = "<group>";
		};
		9BC072A1223B2E0900E6D2D6 /* MapTests */ = {
			isa = PBXGroup;
			children = (
				9BC072A2223B2E0900E6D2D6 /* MapTests.swift */,
				9BC072A4223B2E0900E6D2D6 /* Info.plist */,
			);
			path = MapTests;
			sourceTree = "<group>";
		};
		9BC072AC223B2E0900E6D2D6 /* MapUITests */ = {
			isa = PBXGroup;
			children = (
				9BC072AD223B2E0900E6D2D6 /* MapUITests.swift */,
				9BC072AF223B2E0900E6D2D6 /* Info.plist */,
			);
			path = MapUITests;
			sourceTree = "<group>";
		};
/* End PBXGroup section */

/* Begin PBXNativeTarget section */
		9BC07289223B2E0600E6D2D6 /* Map */ = {
			isa = PBXNativeTarget;
			buildConfigurationList = 9BC072B2223B2E0900E6D2D6 /* Build configuration list for PBXNativeTarget "Map" */;
			buildPhases = (
				9BC07286223B2E0600E6D2D6 /* Sources */,
				9BC07287223B2E0600E6D2D6 /* Frameworks */,
				9BC07288223B2E0600E6D2D6 /* Resources */,
			);
			buildRules = (
			);
			dependencies = (
			);
			name = Map;
			productName = Map;
			productReference = 9BC0728A223B2E0600E6D2D6 /* Map.app */;
			productType = "com.apple.product-type.application";
		};
		9BC0729D223B2E0900E6D2D6 /* MapTests */ = {
			isa = PBXNativeTarget;
			buildConfigurationList = 9BC072B5223B2E0900E6D2D6 /* Build configuration list for PBXNativeTarget "MapTests" */;
			buildPhases = (
				9BC0729A223B2E0900E6D2D6 /* Sources */,
				9BC0729B223B2E0900E6D2D6 /* Frameworks */,
				9BC0729C223B2E0900E6D2D6 /* Resources */,
			);
			buildRules = (
			);
			dependencies = (
				9BC072A0223B2E0900E6D2D6 /* PBXTargetDependency */,
			);
			name = MapTests;
			productName = MapTests;
			productReference = 9BC0729E223B2E0900E6D2D6 /* MapTests.xctest */;
			productType = "com.apple.product-type.bundle.unit-test";
		};
		9BC072A8223B2E0900E6D2D6 /* MapUITests */ = {
			isa = PBXNativeTarget;
			buildConfigurationList = 9BC072B8223B2E0900E6D2D6 /* Build configuration list for PBXNativeTarget "MapUITests" */;
			buildPhases = (
				9BC072A5223B2E0900E6D2D6 /* Sources */,
				9BC072A6223B2E0900E6D2D6 /* Frameworks */,
				9BC072A7223B2E0900E6D2D6 /* Resources */,
			);
			buildRules = (
			);
			dependencies = (
				9BC072AB223B2E0900E6D2D6 /* PBXTargetDependency */,
			);
			name = MapUITests;
			productName = MapUITests;
			productReference = 9BC072A9223B2E0900E6D2D6 /* MapUITests.xctest */;
			productType = "com.apple.product-type.bundle.ui-testing";
		};
/* End PBXNativeTarget section */

/* Begin PBXProject section */
		9BC07282223B2E0600E6D2D6 /* Project object */ = {
			isa = PBXProject;
			attributes = {
				LastSwiftUpdateCheck = 1010;
				LastUpgradeCheck = 1010;
				ORGANIZATIONNAME = MacStudent;
				TargetAttributes = {
					9BC07289223B2E0600E6D2D6 = {
						CreatedOnToolsVersion = 10.1;
					};
					9BC0729D223B2E0900E6D2D6 = {
						CreatedOnToolsVersion = 10.1;
						TestTargetID = 9BC07289223B2E0600E6D2D6;
					};
					9BC072A8223B2E0900E6D2D6 = {
						CreatedOnToolsVersion = 10.1;
						TestTargetID = 9BC07289223B2E0600E6D2D6;
					};
				};
			};
			buildConfigurationList = 9BC07285223B2E0600E6D2D6 /* Build configuration list for PBXProject "Map" */;
			compatibilityVersion = "Xcode 9.3";
			developmentRegion = en;
			hasScannedForEncodings = 0;
			knownRegions = (
				en,
				Base,
			);
			mainGroup = 9BC07281223B2E0600E6D2D6;
			productRefGroup = 9BC0728B223B2E0600E6D2D6 /* Products */;
			projectDirPath = "";
			projectRoot = "";
			targets = (
				9BC07289223B2E0600E6D2D6 /* Map */,
				9BC0729D223B2E0900E6D2D6 /* MapTests */,
				9BC072A8223B2E0900E6D2D6 /* MapUITests */,
			);
		};
/* End PBXProject section */

/* Begin PBXResourcesBuildPhase section */
		9BC07288223B2E0600E6D2D6 /* Resources */ = {
			isa = PBXResourcesBuildPhase;
			buildActionMask = 2147483647;
			files = (
				9BC07298223B2E0900E6D2D6 /* LaunchScreen.storyboard in Resources */,
				9BC07295223B2E0900E6D2D6 /* Assets.xcassets in Resources */,
				9BC07293223B2E0600E6D2D6 /* Main.storyboard in Resources */,
			);
			runOnlyForDeploymentPostprocessing = 0;
		};
		9BC0729C223B2E0900E6D2D6 /* Resources */ = {
			isa = PBXResourcesBuildPhase;
			buildActionMask = 2147483647;
			files = (
			);
			runOnlyForDeploymentPostprocessing = 0;
		};
		9BC072A7223B2E0900E6D2D6 /* Resources */ = {
			isa = PBXResourcesBuildPhase;
			buildActionMask = 2147483647;
			files = (
			);
			runOnlyForDeploymentPostprocessing = 0;
		};
/* End PBXResourcesBuildPhase section */

/* Begin PBXSourcesBuildPhase section */
		9BC07286223B2E0600E6D2D6 /* Sources */ = {
			isa = PBXSourcesBuildPhase;
			buildActionMask = 2147483647;
			files = (
				9BC07290223B2E0600E6D2D6 /* ViewController.swift in Sources */,
				9BC0728E223B2E0600E6D2D6 /* AppDelegate.swift in Sources */,
			);
			runOnlyForDeploymentPostprocessing = 0;
		};
		9BC0729A223B2E0900E6D2D6 /* Sources */ = {
			isa = PBXSourcesBuildPhase;
			buildActionMask = 2147483647;
			files = (
				9BC072A3223B2E0900E6D2D6 /* MapTests.swift in Sources */,
			);
			runOnlyForDeploymentPostprocessing = 0;
		};
		9BC072A5223B2E0900E6D2D6 /* Sources */ = {
			isa = PBXSourcesBuildPhase;
			buildActionMask = 2147483647;
			files = (
				9BC072AE223B2E0900E6D2D6 /* MapUITests.swift in Sources */,
			);
			runOnlyForDeploymentPostprocessing = 0;
		};
/* End PBXSourcesBuildPhase section */

/* Begin PBXTargetDependency section */
		9BC072A0223B2E0900E6D2D6 /* PBXTargetDependency */ = {
			isa = PBXTargetDependency;
			target = 9BC07289223B2E0600E6D2D6 /* Map */;
			targetProxy = 9BC0729F223B2E0900E6D2D6 /* PBXContainerItemProxy */;
		};
		9BC072AB223B2E0900E6D2D6 /* PBXTargetDependency */ = {
			isa = PBXTargetDependency;
			target = 9BC07289223B2E0600E6D2D6 /* Map */;
			targetProxy = 9BC072AA223B2E0900E6D2D6 /* PBXContainerItemProxy */;
		};
/* End PBXTargetDependency section */

/* Begin PBXVariantGroup section */
		9BC07291223B2E0600E6D2D6 /* Main.storyboard */ = {
			isa = PBXVariantGroup;
			children = (
				9BC07292223B2E0600E6D2D6 /* Base */,
			);
			name = Main.storyboard;
			sourceTree = "<group>";
		};
		9BC07296223B2E0900E6D2D6 /* LaunchScreen.storyboard */ = {
			isa = PBXVariantGroup;
			children = (
				9BC07297223B2E0900E6D2D6 /* Base */,
			);
			name = LaunchScreen.storyboard;
			sourceTree = "<group>";
		};
/* End PBXVariantGroup section */

/* Begin XCBuildConfiguration section */
		9BC072B0223B2E0900E6D2D6 /* Debug */ = {
			isa = XCBuildConfiguration;
			buildSettings = {
				ALWAYS_SEARCH_USER_PATHS = NO;
				CLANG_ANALYZER_NONNULL = YES;
				CLANG_ANALYZER_NUMBER_OBJECT_CONVERSION = YES_AGGRESSIVE;
				CLANG_CXX_LANGUAGE_STANDARD = "gnu++14";
				CLANG_CXX_LIBRARY = "libc++";
				CLANG_ENABLE_MODULES = YES;
				CLANG_ENABLE_OBJC_ARC = YES;
				CLANG_ENABLE_OBJC_WEAK = YES;
				CLANG_WARN_BLOCK_CAPTURE_AUTORELEASING = YES;
				CLANG_WARN_BOOL_CONVERSION = YES;
				CLANG_WARN_COMMA = YES;
				CLANG_WARN_CONSTANT_CONVERSION = YES;
				CLANG_WARN_DEPRECATED_OBJC_IMPLEMENTATIONS = YES;
				CLANG_WARN_DIRECT_OBJC_ISA_USAGE = YES_ERROR;
				CLANG_WARN_DOCUMENTATION_COMMENTS = YES;
				CLANG_WARN_EMPTY_BODY = YES;
				CLANG_WARN_ENUM_CONVERSION = YES;
				CLANG_WARN_INFINITE_RECURSION = YES;
				CLANG_WARN_INT_CONVERSION = YES;
				CLANG_WARN_NON_LITERAL_NULL_CONVERSION = YES;
				CLANG_WARN_OBJC_IMPLICIT_RETAIN_SELF = YES;
				CLANG_WARN_OBJC_LITERAL_CONVERSION = YES;
				CLANG_WARN_OBJC_ROOT_CLASS = YES_ERROR;
				CLANG_WARN_RANGE_LOOP_ANALYSIS = YES;
				CLANG_WARN_STRICT_PROTOTYPES = YES;
				CLANG_WARN_SUSPICIOUS_MOVE = YES;
				CLANG_WARN_UNGUARDED_AVAILABILITY = YES_AGGRESSIVE;
				CLANG_WARN_UNREACHABLE_CODE = YES;
				CLANG_WARN__DUPLICATE_METHOD_MATCH = YES;
				CODE_SIGN_IDENTITY = "iPhone Developer";
				COPY_PHASE_STRIP = NO;
				DEBUG_INFORMATION_FORMAT = dwarf;
				ENABLE_STRICT_OBJC_MSGSEND = YES;
				ENABLE_TESTABILITY = YES;
				GCC_C_LANGUAGE_STANDARD = gnu11;
				GCC_DYNAMIC_NO_PIC = NO;
				GCC_NO_COMMON_BLOCKS = YES;
				GCC_OPTIMIZATION_LEVEL = 0;
				GCC_PREPROCESSOR_DEFINITIONS = (
					"DEBUG=1",
					"$(inherited)",
				);
				GCC_WARN_64_TO_32_BIT_CONVERSION = YES;
				GCC_WARN_ABOUT_RETURN_TYPE = YES_ERROR;
				GCC_WARN_UNDECLARED_SELECTOR = YES;
				GCC_WARN_UNINITIALIZED_AUTOS = YES_AGGRESSIVE;
				GCC_WARN_UNUSED_FUNCTION = YES;
				GCC_WARN_UNUSED_VARIABLE = YES;
				IPHONEOS_DEPLOYMENT_TARGET = 12.1;
				MTL_ENABLE_DEBUG_INFO = INCLUDE_SOURCE;
				MTL_FAST_MATH = YES;
				ONLY_ACTIVE_ARCH = YES;
				SDKROOT = iphoneos;
				SWIFT_ACTIVE_COMPILATION_CONDITIONS = DEBUG;
				SWIFT_OPTIMIZATION_LEVEL = "-Onone";
			};
			name = Debug;
		};
		9BC072B1223B2E0900E6D2D6 /* Release */ = {
			isa = XCBuildConfiguration;
			buildSettings = {
				ALWAYS_SEARCH_USER_PATHS = NO;
				CLANG_ANALYZER_NONNULL = YES;
				CLANG_ANALYZER_NUMBER_OBJECT_CONVERSION = YES_AGGRESSIVE;
				CLANG_CXX_LANGUAGE_STANDARD = "gnu++14";
				CLANG_CXX_LIBRARY = "libc++";
				CLANG_ENABLE_MODULES = YES;
				CLANG_ENABLE_OBJC_ARC = YES;
				CLANG_ENABLE_OBJC_WEAK = YES;
				CLANG_WARN_BLOCK_CAPTURE_AUTORELEASING = YES;
				CLANG_WARN_BOOL_CONVERSION = YES;
				CLANG_WARN_COMMA = YES;
				CLANG_WARN_CONSTANT_CONVERSION = YES;
				CLANG_WARN_DEPRECATED_OBJC_IMPLEMENTATIONS = YES;
				CLANG_WARN_DIRECT_OBJC_ISA_USAGE = YES_ERROR;
				CLANG_WARN_DOCUMENTATION_COMMENTS = YES;
				CLANG_WARN_EMPTY_BODY = YES;
				CLANG_WARN_ENUM_CONVERSION = YES;
				CLANG_WARN_INFINITE_RECURSION = YES;
				CLANG_WARN_INT_CONVERSION = YES;
				CLANG_WARN_NON_LITERAL_NULL_CONVERSION = YES;
				CLANG_WARN_OBJC_IMPLICIT_RETAIN_SELF = YES;
				CLANG_WARN_OBJC_LITERAL_CONVERSION = YES;
				CLANG_WARN_OBJC_ROOT_CLASS = YES_ERROR;
				CLANG_WARN_RANGE_LOOP_ANALYSIS = YES;
				CLANG_WARN_STRICT_PROTOTYPES = YES;
				CLANG_WARN_SUSPICIOUS_MOVE = YES;
				CLANG_WARN_UNGUARDED_AVAILABILITY = YES_AGGRESSIVE;
				CLANG_WARN_UNREACHABLE_CODE = YES;
				CLANG_WARN__DUPLICATE_METHOD_MATCH = YES;
				CODE_SIGN_IDENTITY = "iPhone Developer";
				COPY_PHASE_STRIP = NO;
				DEBUG_INFORMATION_FORMAT = "dwarf-with-dsym";
				ENABLE_NS_ASSERTIONS = NO;
				ENABLE_STRICT_OBJC_MSGSEND = YES;
				GCC_C_LANGUAGE_STANDARD = gnu11;
				GCC_NO_COMMON_BLOCKS = YES;
				GCC_WARN_64_TO_32_BIT_CONVERSION = YES;
				GCC_WARN_ABOUT_RETURN_TYPE = YES_ERROR;
				GCC_WARN_UNDECLARED_SELECTOR = YES;
				GCC_WARN_UNINITIALIZED_AUTOS = YES_AGGRESSIVE;
				GCC_WARN_UNUSED_FUNCTION = YES;
				GCC_WARN_UNUSED_VARIABLE = YES;
				IPHONEOS_DEPLOYMENT_TARGET = 12.1;
				MTL_ENABLE_DEBUG_INFO = NO;
				MTL_FAST_MATH = YES;
				SDKROOT = iphoneos;
				SWIFT_COMPILATION_MODE = wholemodule;
				SWIFT_OPTIMIZATION_LEVEL = "-O";
				VALIDATE_PRODUCT = YES;
			};
			name = Release;
		};
		9BC072B3223B2E0900E6D2D6 /* Debug */ = {
			isa = XCBuildConfiguration;
			buildSettings = {
				ASSETCATALOG_COMPILER_APPICON_NAME = AppIcon;
				CODE_SIGN_STYLE = Automatic;
				INFOPLIST_FILE = Map/Info.plist;
				LD_RUNPATH_SEARCH_PATHS = (
					"$(inherited)",
					"@executable_path/Frameworks",
				);
				PRODUCT_BUNDLE_IDENTIFIER = CestarCollege.Map;
				PRODUCT_NAME = "$(TARGET_NAME)";
				SWIFT_VERSION = 4.2;
				TARGETED_DEVICE_FAMILY = "1,2";
			};
			name = Debug;
		};
		9BC072B4223B2E0900E6D2D6 /* Release */ = {
			isa = XCBuildConfiguration;
			buildSettings = {
				ASSETCATALOG_COMPILER_APPICON_NAME = AppIcon;
				CODE_SIGN_STYLE = Automatic;
				INFOPLIST_FILE = Map/Info.plist;
				LD_RUNPATH_SEARCH_PATHS = (
					"$(inherited)",
					"@executable_path/Frameworks",
				);
				PRODUCT_BUNDLE_IDENTIFIER = CestarCollege.Map;
				PRODUCT_NAME = "$(TARGET_NAME)";
				SWIFT_VERSION = 4.2;
				TARGETED_DEVICE_FAMILY = "1,2";
			};
			name = Release;
		};
		9BC072B6223B2E0900E6D2D6 /* Debug */ = {
			isa = XCBuildConfiguration;
			buildSettings = {
				ALWAYS_EMBED_SWIFT_STANDARD_LIBRARIES = YES;
				BUNDLE_LOADER = "$(TEST_HOST)";
				CODE_SIGN_STYLE = Automatic;
				INFOPLIST_FILE = MapTests/Info.plist;
				LD_RUNPATH_SEARCH_PATHS = (
					"$(inherited)",
					"@executable_path/Frameworks",
					"@loader_path/Frameworks",
				);
				PRODUCT_BUNDLE_IDENTIFIER = CestarCollege.MapTests;
				PRODUCT_NAME = "$(TARGET_NAME)";
				SWIFT_VERSION = 4.2;
				TARGETED_DEVICE_FAMILY = "1,2";
				TEST_HOST = "$(BUILT_PRODUCTS_DIR)/Map.app/Map";
			};
			name = Debug;
		};
		9BC072B7223B2E0900E6D2D6 /* Release */ = {
			isa = XCBuildConfiguration;
			buildSettings = {
				ALWAYS_EMBED_SWIFT_STANDARD_LIBRARIES = YES;
				BUNDLE_LOADER = "$(TEST_HOST)";
				CODE_SIGN_STYLE = Automatic;
				INFOPLIST_FILE = MapTests/Info.plist;
				LD_RUNPATH_SEARCH_PATHS = (
					"$(inherited)",
					"@executable_path/Frameworks",
					"@loader_path/Frameworks",
				);
				PRODUCT_BUNDLE_IDENTIFIER = CestarCollege.MapTests;
				PRODUCT_NAME = "$(TARGET_NAME)";
				SWIFT_VERSION = 4.2;
				TARGETED_DEVICE_FAMILY = "1,2";
				TEST_HOST = "$(BUILT_PRODUCTS_DIR)/Map.app/Map";
			};
			name = Release;
		};
		9BC072B9223B2E0900E6D2D6 /* Debug */ = {
			isa = XCBuildConfiguration;
			buildSettings = {
				ALWAYS_EMBED_SWIFT_STANDARD_LIBRARIES = YES;
				CODE_SIGN_STYLE = Automatic;
				INFOPLIST_FILE = MapUITests/Info.plist;
				LD_RUNPATH_SEARCH_PATHS = (
					"$(inherited)",
					"@executable_path/Frameworks",
					"@loader_path/Frameworks",
				);
				PRODUCT_BUNDLE_IDENTIFIER = CestarCollege.MapUITests;
				PRODUCT_NAME = "$(TARGET_NAME)";
				SWIFT_VERSION = 4.2;
				TARGETED_DEVICE_FAMILY = "1,2";
				TEST_TARGET_NAME = Map;
			};
			name = Debug;
		};
		9BC072BA223B2E0900E6D2D6 /* Release */ = {
			isa = XCBuildConfiguration;
			buildSettings = {
				ALWAYS_EMBED_SWIFT_STANDARD_LIBRARIES = YES;
				CODE_SIGN_STYLE = Automatic;
				INFOPLIST_FILE = MapUITests/Info.plist;
				LD_RUNPATH_SEARCH_PATHS = (
					"$(inherited)",
					"@executable_path/Frameworks",
					"@loader_path/Frameworks",
				);
				PRODUCT_BUNDLE_IDENTIFIER = CestarCollege.MapUITests;
				PRODUCT_NAME = "$(TARGET_NAME)";
				SWIFT_VERSION = 4.2;
				TARGETED_DEVICE_FAMILY = "1,2";
				TEST_TARGET_NAME = Map;
			};
			name = Release;
		};
/* End XCBuildConfiguration section */

/* Begin XCConfigurationList section */
		9BC07285223B2E0600E6D2D6 /* Build configuration list for PBXProject "Map" */ = {
			isa = XCConfigurationList;
			buildConfigurations = (
				9BC072B0223B2E0900E6D2D6 /* Debug */,
				9BC072B1223B2E0900E6D2D6 /* Release */,
			);
			defaultConfigurationIsVisible = 0;
			defaultConfigurationName = Release;
		};
		9BC072B2223B2E0900E6D2D6 /* Build configuration list for PBXNativeTarget "Map" */ = {
			isa = XCConfigurationList;
			buildConfigurations = (
				9BC072B3223B2E0900E6D2D6 /* Debug */,
				9BC072B4223B2E0900E6D2D6 /* Release */,
			);
			defaultConfigurationIsVisible = 0;
			defaultConfigurationName = Release;
		};
		9BC072B5223B2E0900E6D2D6 /* Build configuration list for PBXNativeTarget "MapTests" */ = {
			isa = XCConfigurationList;
			buildConfigurations = (
				9BC072B6223B2E0900E6D2D6 /* Debug */,
				9BC072B7223B2E0900E6D2D6 /* Release */,
			);
			defaultConfigurationIsVisible = 0;
			defaultConfigurationName = Release;
		};
		9BC072B8223B2E0900E6D2D6 /* Build configuration list for PBXNativeTarget "MapUITests" */ = {
			isa = XCConfigurationList;
			buildConfigurations = (
				9BC072B9223B2E0900E6D2D6 /* Debug */,
				9BC072BA223B2E0900E6D2D6 /* Release */,
			);
			defaultConfigurationIsVisible = 0;
			defaultConfigurationName = Release;
		};
/* End XCConfigurationList section */
	};
	rootObject = 9BC07282223B2E0600E6D2D6 /* Project object */;
}
